
Microsoft Visual Studio Solution File, Format Version 12.00
# Visual Studio Version 17
VisualStudioVersion = 17.8.34511.84
MinimumVisualStudioVersion = 10.0.40219.1
Project("{FAE04EC0-301F-11D3-BF4B-00C04F79EFBC}") = "ElectCell-HMI", "src\ElectCell-HMI.csproj", "{15FF077D-E982-4DAD-A273-9E28743FD81C}"
EndProject
Global
	GlobalSection(SolutionConfigurationPlatforms) = preSolution
		Debug|Any CPU = Debug|Any CPU
		Release|Any CPU = Release|Any CPU
	EndGlobalSection
	GlobalSection(ProjectConfigurationPlatforms) = postSolution
		{15FF077D-E982-4DAD-A273-9E28743FD81C}.Debug|Any CPU.ActiveCfg = Debug|Any CPU
		{15FF077D-E982-4DAD-A273-9E28743FD81C}.Debug|Any CPU.Build.0 = Debug|Any CPU
		{15FF077D-E982-4DAD-A273-9E28743FD81C}.Release|Any CPU.ActiveCfg = Release|Any CPU
		{15FF077D-E982-4DAD-A273-9E28743FD81C}.Release|Any CPU.Build.0 = Release|Any CPU
	EndGlobalSection
	GlobalSection(SolutionProperties) = preSolution
		HideSolutionNode = FALSE
	EndGlobalSection
	GlobalSection(ExtensibilityGlobals) = postSolution
		SolutionGuid = {CC4AB258-3A79-41D9-B9CE-4799FE383C6B}
	EndGlobalSection
EndGlobal
